
Microsoft Visual Studio Solution File, Format Version 12.00
Project("{FAE04EC0-301F-11D3-BF4B-00C04F79EFBC}") = "HyperaiX.Abstractions", "HyperaiX.Abstractions\HyperaiX.Abstractions.csproj", "{4E394ABB-B492-4A15-896A-C9F6A40247A3}"
EndProject
Project("{FAE04EC0-301F-11D3-BF4B-00C04F79EFBC}") = "HyperaiX", "HyperaiX\HyperaiX.csproj", "{D26F0B19-7C6B-450F-BD79-41A015B3BAD5}"
EndProject
Global
	GlobalSection(SolutionConfigurationPlatforms) = preSolution
		Debug|Any CPU = Debug|Any CPU
		Release|Any CPU = Release|Any CPU
	EndGlobalSection
	GlobalSection(ProjectConfigurationPlatforms) = postSolution
		{4E394ABB-B492-4A15-896A-C9F6A40247A3}.Debug|Any CPU.ActiveCfg = Debug|Any CPU
		{4E394ABB-B492-4A15-896A-C9F6A40247A3}.Debug|Any CPU.Build.0 = Debug|Any CPU
		{4E394ABB-B492-4A15-896A-C9F6A40247A3}.Release|Any CPU.ActiveCfg = Release|Any CPU
		{4E394ABB-B492-4A15-896A-C9F6A40247A3}.Release|Any CPU.Build.0 = Release|Any CPU
		{D26F0B19-7C6B-450F-BD79-41A015B3BAD5}.Debug|Any CPU.ActiveCfg = Debug|Any CPU
		{D26F0B19-7C6B-450F-BD79-41A015B3BAD5}.Debug|Any CPU.Build.0 = Debug|Any CPU
		{D26F0B19-7C6B-450F-BD79-41A015B3BAD5}.Release|Any CPU.ActiveCfg = Release|Any CPU
		{D26F0B19-7C6B-450F-BD79-41A015B3BAD5}.Release|Any CPU.Build.0 = Release|Any CPU
	EndGlobalSection
EndGlobal
